
Microsoft Visual Studio Solution File, Format Version 12.00
# Visual Studio Version 17
VisualStudioVersion = 17.0.32014.148
MinimumVisualStudioVersion = 10.0.40219.1
Project("{FAE04EC0-301F-11D3-BF4B-00C04F79EFBC}") = "Algoritmalar", "Algoritmalar\Algoritmalar.csproj", "{3F9F2A28-8712-450E-B096-E1EFC9EF2CE0}"
EndProject
Project("{FAE04EC0-301F-11D3-BF4B-00C04F79EFBC}") = "Soru2", "Soru2\Soru2.csproj", "{7C853175-82A7-4205-B2AA-AA5E33E8D6C3}"
EndProject
Project("{FAE04EC0-301F-11D3-BF4B-00C04F79EFBC}") = "Soru3", "Soru3\Soru3.csproj", "{2AEDADC8-53F2-429D-9588-FBD0BC459A41}"
EndProject
Project("{FAE04EC0-301F-11D3-BF4B-00C04F79EFBC}") = "Soru4", "Soru4\Soru4.csproj", "{C4FF1BF3-7D30-4AE0-9639-93490665BC5D}"
EndProject
Global
	GlobalSection(SolutionConfigurationPlatforms) = preSolution
		Debug|Any CPU = Debug|Any CPU
		Release|Any CPU = Release|Any CPU
	EndGlobalSection
	GlobalSection(ProjectConfigurationPlatforms) = postSolution
		{3F9F2A28-8712-450E-B096-E1EFC9EF2CE0}.Debug|Any CPU.ActiveCfg = Debug|Any CPU
		{3F9F2A28-8712-450E-B096-E1EFC9EF2CE0}.Debug|Any CPU.Build.0 = Debug|Any CPU
		{3F9F2A28-8712-450E-B096-E1EFC9EF2CE0}.Release|Any CPU.ActiveCfg = Release|Any CPU
		{3F9F2A28-8712-450E-B096-E1EFC9EF2CE0}.Release|Any CPU.Build.0 = Release|Any CPU
		{7C853175-82A7-4205-B2AA-AA5E33E8D6C3}.Debug|Any CPU.ActiveCfg = Debug|Any CPU
		{7C853175-82A7-4205-B2AA-AA5E33E8D6C3}.Debug|Any CPU.Build.0 = Debug|Any CPU
		{7C853175-82A7-4205-B2AA-AA5E33E8D6C3}.Release|Any CPU.ActiveCfg = Release|Any CPU
		{7C853175-82A7-4205-B2AA-AA5E33E8D6C3}.Release|Any CPU.Build.0 = Release|Any CPU
		{2AEDADC8-53F2-429D-9588-FBD0BC459A41}.Debug|Any CPU.ActiveCfg = Debug|Any CPU
		{2AEDADC8-53F2-429D-9588-FBD0BC459A41}.Debug|Any CPU.Build.0 = Debug|Any CPU
		{2AEDADC8-53F2-429D-9588-FBD0BC459A41}.Release|Any CPU.ActiveCfg = Release|Any CPU
		{2AEDADC8-53F2-429D-9588-FBD0BC459A41}.Release|Any CPU.Build.0 = Release|Any CPU
		{C4FF1BF3-7D30-4AE0-9639-93490665BC5D}.Debug|Any CPU.ActiveCfg = Debug|Any CPU
		{C4FF1BF3-7D30-4AE0-9639-93490665BC5D}.Debug|Any CPU.Build.0 = Debug|Any CPU
		{C4FF1BF3-7D30-4AE0-9639-93490665BC5D}.Release|Any CPU.ActiveCfg = Release|Any CPU
		{C4FF1BF3-7D30-4AE0-9639-93490665BC5D}.Release|Any CPU.Build.0 = Release|Any CPU
	EndGlobalSection
	GlobalSection(SolutionProperties) = preSolution
		HideSolutionNode = FALSE
	EndGlobalSection
	GlobalSection(ExtensibilityGlobals) = postSolution
		SolutionGuid = {337FF5BB-73A2-4E5E-8FB4-8212117B852F}
	EndGlobalSection
EndGlobal
